dependencies:
- name: rabbitmq
  repository: https://charts.bitnami.com/bitnami
  version: 14.4.1
- name: redis
  repository: https://charts.bitnami.com/bitnami
  version: 19.5.2
- name: mongodb
  repository: https://charts.bitnami.com/bitnami
  version: 15.6.6
digest: sha256:48eb41bc2242751f753281d223ec8df8f355903c443a76ff2b43115278459761
generated: "2024-06-15T16:51:03.3765845+10:00"
